// !$*UTF8*$!
{
	archiveVersion = 1;
	classes = {
	};
	objectVersion = 56;
	objects = {

/* Begin PBXBuildFile section */
		4C047E2F29DE90E6005969CF /* AppleStoreApp.swift in Sources */ = {isa = PBXBuildFile; fileRef = 4C047E2E29DE90E6005969CF /* AppleStoreApp.swift */; };
		4C047E3129DE90E6005969CF /* ContentView.swift in Sources */ = {isa = PBXBuildFile; fileRef = 4C047E3029DE90E6005969CF /* ContentView.swift */; };
		4C047E3329DE90E8005969CF /* Assets.xcassets in Resources */ = {isa = PBXBuildFile; fileRef = 4C047E3229DE90E8005969CF /* Assets.xcassets */; };
		4C047E3629DE90E8005969CF /* Preview Assets.xcassets in Resources */ = {isa = PBXBuildFile; fileRef = 4C047E3529DE90E8005969CF /* Preview Assets.xcassets */; };
		4C047E4029DE90E8005969CF /* AppleStoreTests.swift in Sources */ = {isa = PBXBuildFile; fileRef = 4C047E3F29DE90E8005969CF /* AppleStoreTests.swift */; };
		4C047E4A29DE90E8005969CF /* AppleStoreUITests.swift in Sources */ = {isa = PBXBuildFile; fileRef = 4C047E4929DE90E8005969CF /* AppleStoreUITests.swift */; };
		4C047E4C29DE90E8005969CF /* AppleStoreUITestsLaunchTests.swift in Sources */ = {isa = PBXBuildFile; fileRef = 4C047E4B29DE90E8005969CF /* AppleStoreUITestsLaunchTests.swift */; };
/* End PBXBuildFile section */

/* Begin PBXContainerItemProxy section */
		4C047E3C29DE90E8005969CF /* PBXContainerItemProxy */ = {
			isa = PBXContainerItemProxy;
			containerPortal = 4C047E2329DE90E6005969CF /* Project object */;
			proxyType = 1;
			remoteGlobalIDString = 4C047E2A29DE90E6005969CF;
			remoteInfo = AppleStore;
		};
		4C047E4629DE90E8005969CF /* PBXContainerItemProxy */ = {
			isa = PBXContainerItemProxy;
			containerPortal = 4C047E2329DE90E6005969CF /* Project object */;
			proxyType = 1;
			remoteGlobalIDString = 4C047E2A29DE90E6005969CF;
			remoteInfo = AppleStore;
		};
/* End PBXContainerItemProxy section */

/* Begin PBXFileReference section */
		4C047E2B29DE90E6005969CF /* AppleStore.app */ = {isa = PBXFileReference; explicitFileType = wrapper.application; includeInIndex = 0; path = AppleStore.app; sourceTree = BUILT_PRODUCTS_DIR; };
		4C047E2E29DE90E6005969CF /* AppleStoreApp.swift */ = {isa = PBXFileReference; lastKnownFileType = sourcecode.swift; path = AppleStoreApp.swift; sourceTree = "<group>"; };
		4C047E3029DE90E6005969CF /* ContentView.swift */ = {isa = PBXFileReference; lastKnownFileType = sourcecode.swift; path = ContentView.swift; sourceTree = "<group>"; };
		4C047E3229DE90E8005969CF /* Assets.xcassets */ = {isa = PBXFileReference; lastKnownFileType = folder.assetcatalog; path = Assets.xcassets; sourceTree = "<group>"; };
		4C047E3529DE90E8005969CF /* Preview Assets.xcassets */ = {isa = PBXFileReference; lastKnownFileType = folder.assetcatalog; path = "Preview Assets.xcassets"; sourceTree = "<group>"; };
		4C047E3B29DE90E8005969CF /* AppleStoreTests.xctest */ = {isa = PBXFileReference; explicitFileType = wrapper.cfbundle; includeInIndex = 0; path = AppleStoreTests.xctest; sourceTree = BUILT_PRODUCTS_DIR; };
		4C047E3F29DE90E8005969CF /* AppleStoreTests.swift */ = {isa = PBXFileReference; lastKnownFileType = sourcecode.swift; path = AppleStoreTests.swift; sourceTree = "<group>"; };
		4C047E4529DE90E8005969CF /* AppleStoreUITests.xctest */ = {isa = PBXFileReference; explicitFileType = wrapper.cfbundle; includeInIndex = 0; path = AppleStoreUITests.xctest; sourceTree = BUILT_PRODUCTS_DIR; };
		4C047E4929DE90E8005969CF /* AppleStoreUITests.swift */ = {isa = PBXFileReference; lastKnownFileType = sourcecode.swift; path = AppleStoreUITests.swift; sourceTree = "<group>"; };
		4C047E4B29DE90E8005969CF /* AppleStoreUITestsLaunchTests.swift */ = {isa = PBXFileReference; lastKnownFileType = sourcecode.swift; path = AppleStoreUITestsLaunchTests.swift; sourceTree = "<group>"; };
/* End PBXFileReference section */

/* Begin PBXFrameworksBuildPhase section */
		4C047E2829DE90E6005969CF /* Frameworks */ = {
			isa = PBXFrameworksBuildPhase;
			buildActionMask = 2147483647;
			files = (
			);
			runOnlyForDeploymentPostprocessing = 0;
		};
		4C047E3829DE90E8005969CF /* Frameworks */ = {
			isa = PBXFrameworksBuildPhase;
			buildActionMask = 2147483647;
			files = (
			);
			runOnlyForDeploymentPostprocessing = 0;
		};
		4C047E4229DE90E8005969CF /* Frameworks */ = {
			isa = PBXFrameworksBuildPhase;
			buildActionMask = 2147483647;
			files = (
			);
			runOnlyForDeploymentPostprocessing = 0;
		};
/* End PBXFrameworksBuildPhase section */

/* Begin PBXGroup section */
		4C047E2229DE90E6005969CF = {
			isa = PBXGroup;
			children = (
				4C047E2D29DE90E6005969CF /* AppleStore */,
				4C047E3E29DE90E8005969CF /* AppleStoreTests */,
				4C047E4829DE90E8005969CF /* AppleStoreUITests */,
				4C047E2C29DE90E6005969CF /* Products */,
			);
			sourceTree = "<group>";
		};
		4C047E2C29DE90E6005969CF /* Products */ = {
			isa = PBXGroup;
			children = (
				4C047E2B29DE90E6005969CF /* AppleStore.app */,
				4C047E3B29DE90E8005969CF /* AppleStoreTests.xctest */,
				4C047E4529DE90E8005969CF /* AppleStoreUITests.xctest */,
			);
			name = Products;
			sourceTree = "<group>";
		};
		4C047E2D29DE90E6005969CF /* AppleStore */ = {
			isa = PBXGroup;
			children = (
				4C047E2E29DE90E6005969CF /* AppleStoreApp.swift */,
				4C047E3029DE90E6005969CF /* ContentView.swift */,
				4C047E3229DE90E8005969CF /* Assets.xcassets */,
				4C047E3429DE90E8005969CF /* Preview Content */,
			);
			path = AppleStore;
			sourceTree = "<group>";
		};
		4C047E3429DE90E8005969CF /* Preview Content */ = {
			isa = PBXGroup;
			children = (
				4C047E3529DE90E8005969CF /* Preview Assets.xcassets */,
			);
			path = "Preview Content";
			sourceTree = "<group>";
		};
		4C047E3E29DE90E8005969CF /* AppleStoreTests */ = {
			isa = PBXGroup;
			children = (
				4C047E3F29DE90E8005969CF /* AppleStoreTests.swift */,
			);
			path = AppleStoreTests;
			sourceTree = "<group>";
		};
		4C047E4829DE90E8005969CF /* AppleStoreUITests */ = {
			isa = PBXGroup;
			children = (
				4C047E4929DE90E8005969CF /* AppleStoreUITests.swift */,
				4C047E4B29DE90E8005969CF /* AppleStoreUITestsLaunchTests.swift */,
			);
			path = AppleStoreUITests;
			sourceTree = "<group>";
		};
/* End PBXGroup section */

/* Begin PBXNativeTarget section */
		4C047E2A29DE90E6005969CF /* AppleStore */ = {
			isa = PBXNativeTarget;
			buildConfigurationList = 4C047E4F29DE90E8005969CF /* Build configuration list for PBXNativeTarget "AppleStore" */;
			buildPhases = (
				4C047E2729DE90E6005969CF /* Sources */,
				4C047E2829DE90E6005969CF /* Frameworks */,
				4C047E2929DE90E6005969CF /* Resources */,
			);
			buildRules = (
			);
			dependencies = (
			);
			name = AppleStore;
			productName = AppleStore;
			productReference = 4C047E2B29DE90E6005969CF /* AppleStore.app */;
			productType = "com.apple.product-type.application";
		};
		4C047E3A29DE90E8005969CF /* AppleStoreTests */ = {
			isa = PBXNativeTarget;
			buildConfigurationList = 4C047E5229DE90E8005969CF /* Build configuration list for PBXNativeTarget "AppleStoreTests" */;
			buildPhases = (
				4C047E3729DE90E8005969CF /* Sources */,
				4C047E3829DE90E8005969CF /* Frameworks */,
				4C047E3929DE90E8005969CF /* Resources */,
			);
			buildRules = (
			);
			dependencies = (
				4C047E3D29DE90E8005969CF /* PBXTargetDependency */,
			);
			name = AppleStoreTests;
			productName = AppleStoreTests;
			productReference = 4C047E3B29DE90E8005969CF /* AppleStoreTests.xctest */;
			productType = "com.apple.product-type.bundle.unit-test";
		};
		4C047E4429DE90E8005969CF /* AppleStoreUITests */ = {
			isa = PBXNativeTarget;
			buildConfigurationList = 4C047E5529DE90E8005969CF /* Build configuration list for PBXNativeTarget "AppleStoreUITests" */;
			buildPhases = (
				4C047E4129DE90E8005969CF /* Sources */,
				4C047E4229DE90E8005969CF /* Frameworks */,
				4C047E4329DE90E8005969CF /* Resources */,
			);
			buildRules = (
			);
			dependencies = (
				4C047E4729DE90E8005969CF /* PBXTargetDependency */,
			);
			name = AppleStoreUITests;
			productName = AppleStoreUITests;
			productReference = 4C047E4529DE90E8005969CF /* AppleStoreUITests.xctest */;
			productType = "com.apple.product-type.bundle.ui-testing";
		};
/* End PBXNativeTarget section */

/* Begin PBXProject section */
		4C047E2329DE90E6005969CF /* Project object */ = {
			isa = PBXProject;
			attributes = {
				BuildIndependentTargetsInParallel = 1;
				LastSwiftUpdateCheck = 1420;
				LastUpgradeCheck = 1420;
				TargetAttributes = {
					4C047E2A29DE90E6005969CF = {
						CreatedOnToolsVersion = 14.2;
					};
					4C047E3A29DE90E8005969CF = {
						CreatedOnToolsVersion = 14.2;
						TestTargetID = 4C047E2A29DE90E6005969CF;
					};
					4C047E4429DE90E8005969CF = {
						CreatedOnToolsVersion = 14.2;
						TestTargetID = 4C047E2A29DE90E6005969CF;
					};
				};
			};
			buildConfigurationList = 4C047E2629DE90E6005969CF /* Build configuration list for PBXProject "AppleStore" */;
			compatibilityVersion = "Xcode 14.0";
			developmentRegion = en;
			hasScannedForEncodings = 0;
			knownRegions = (
				en,
				Base,
			);
			mainGroup = 4C047E2229DE90E6005969CF;
			productRefGroup = 4C047E2C29DE90E6005969CF /* Products */;
			projectDirPath = "";
			projectRoot = "";
			targets = (
				4C047E2A29DE90E6005969CF /* AppleStore */,
				4C047E3A29DE90E8005969CF /* AppleStoreTests */,
				4C047E4429DE90E8005969CF /* AppleStoreUITests */,
			);
		};
/* End PBXProject section */

/* Begin PBXResourcesBuildPhase section */
		4C047E2929DE90E6005969CF /* Resources */ = {
			isa = PBXResourcesBuildPhase;
			buildActionMask = 2147483647;
			files = (
				4C047E3629DE90E8005969CF /* Preview Assets.xcassets in Resources */,
				4C047E3329DE90E8005969CF /* Assets.xcassets in Resources */,
			);
			runOnlyForDeploymentPostprocessing = 0;
		};
		4C047E3929DE90E8005969CF /* Resources */ = {
			isa = PBXResourcesBuildPhase;
			buildActionMask = 2147483647;
			files = (
			);
			runOnlyForDeploymentPostprocessing = 0;
		};
		4C047E4329DE90E8005969CF /* Resources */ = {
			isa = PBXResourcesBuildPhase;
			buildActionMask = 2147483647;
			files = (
			);
			runOnlyForDeploymentPostprocessing = 0;
		};
/* End PBXResourcesBuildPhase section */

/* Begin PBXSourcesBuildPhase section */
		4C047E2729DE90E6005969CF /* Sources */ = {
			isa = PBXSourcesBuildPhase;
			buildActionMask = 2147483647;
			files = (
				4C047E3129DE90E6005969CF /* ContentView.swift in Sources */,
				4C047E2F29DE90E6005969CF /* AppleStoreApp.swift in Sources */,
			);
			runOnlyForDeploymentPostprocessing = 0;
		};
		4C047E3729DE90E8005969CF /* Sources */ = {
			isa = PBXSourcesBuildPhase;
			buildActionMask = 2147483647;
			files = (
				4C047E4029DE90E8005969CF /* AppleStoreTests.swift in Sources */,
			);
			runOnlyForDeploymentPostprocessing = 0;
		};
		4C047E4129DE90E8005969CF /* Sources */ = {
			isa = PBXSourcesBuildPhase;
			buildActionMask = 2147483647;
			files = (
				4C047E4A29DE90E8005969CF /* AppleStoreUITests.swift in Sources */,
				4C047E4C29DE90E8005969CF /* AppleStoreUITestsLaunchTests.swift in Sources */,
			);
			runOnlyForDeploymentPostprocessing = 0;
		};
/* End PBXSourcesBuildPhase section */

/* Begin PBXTargetDependency section */
		4C047E3D29DE90E8005969CF /* PBXTargetDependency */ = {
			isa = PBXTargetDependency;
			target = 4C047E2A29DE90E6005969CF /* AppleStore */;
			targetProxy = 4C047E3C29DE90E8005969CF /* PBXContainerItemProxy */;
		};
		4C047E4729DE90E8005969CF /* PBXTargetDependency */ = {
			isa = PBXTargetDependency;
			target = 4C047E2A29DE90E6005969CF /* AppleStore */;
			targetProxy = 4C047E4629DE90E8005969CF /* PBXContainerItemProxy */;
		};
/* End PBXTargetDependency section */

/* Begin XCBuildConfiguration section */
		4C047E4D29DE90E8005969CF /* Debug */ = {
			isa = XCBuildConfiguration;
			buildSettings = {
				ALWAYS_SEARCH_USER_PATHS = NO;
				CLANG_ANALYZER_NONNULL = YES;
				CLANG_ANALYZER_NUMBER_OBJECT_CONVERSION = YES_AGGRESSIVE;
				CLANG_CXX_LANGUAGE_STANDARD = "gnu++20";
				CLANG_ENABLE_MODULES = YES;
				CLANG_ENABLE_OBJC_ARC = YES;
				CLANG_ENABLE_OBJC_WEAK = YES;
				CLANG_WARN_BLOCK_CAPTURE_AUTORELEASING = YES;
				CLANG_WARN_BOOL_CONVERSION = YES;
				CLANG_WARN_COMMA = YES;
				CLANG_WARN_CONSTANT_CONVERSION = YES;
				CLANG_WARN_DEPRECATED_OBJC_IMPLEMENTATIONS = YES;
				CLANG_WARN_DIRECT_OBJC_ISA_USAGE = YES_ERROR;
				CLANG_WARN_DOCUMENTATION_COMMENTS = YES;
				CLANG_WARN_EMPTY_BODY = YES;
				CLANG_WARN_ENUM_CONVERSION = YES;
				CLANG_WARN_INFINITE_RECURSION = YES;
				CLANG_WARN_INT_CONVERSION = YES;
				CLANG_WARN_NON_LITERAL_NULL_CONVERSION = YES;
				CLANG_WARN_OBJC_IMPLICIT_RETAIN_SELF = YES;
				CLANG_WARN_OBJC_LITERAL_CONVERSION = YES;
				CLANG_WARN_OBJC_ROOT_CLASS = YES_ERROR;
				CLANG_WARN_QUOTED_INCLUDE_IN_FRAMEWORK_HEADER = YES;
				CLANG_WARN_RANGE_LOOP_ANALYSIS = YES;
				CLANG_WARN_STRICT_PROTOTYPES = YES;
				CLANG_WARN_SUSPICIOUS_MOVE = YES;
				CLANG_WARN_UNGUARDED_AVAILABILITY = YES_AGGRESSIVE;
				CLANG_WARN_UNREACHABLE_CODE = YES;
				CLANG_WARN__DUPLICATE_METHOD_MATCH = YES;
				COPY_PHASE_STRIP = NO;
				DEBUG_INFORMATION_FORMAT = dwarf;
				ENABLE_STRICT_OBJC_MSGSEND = YES;
				ENABLE_TESTABILITY = YES;
				GCC_C_LANGUAGE_STANDARD = gnu11;
				GCC_DYNAMIC_NO_PIC = NO;
				GCC_NO_COMMON_BLOCKS = YES;
				GCC_OPTIMIZATION_LEVEL = 0;
				GCC_PREPROCESSOR_DEFINITIONS = (
					"DEBUG=1",
					"$(inherited)",
				);
				GCC_WARN_64_TO_32_BIT_CONVERSION = YES;
				GCC_WARN_ABOUT_RETURN_TYPE = YES_ERROR;
				GCC_WARN_UNDECLARED_SELECTOR = YES;
				GCC_WARN_UNINITIALIZED_AUTOS = YES_AGGRESSIVE;
				GCC_WARN_UNUSED_FUNCTION = YES;
				GCC_WARN_UNUSED_VARIABLE = YES;
				IPHONEOS_DEPLOYMENT_TARGET = 16.2;
				MTL_ENABLE_DEBUG_INFO = INCLUDE_SOURCE;
				MTL_FAST_MATH = YES;
				ONLY_ACTIVE_ARCH = YES;
				SDKROOT = iphoneos;
				SWIFT_ACTIVE_COMPILATION_CONDITIONS = DEBUG;
				SWIFT_OPTIMIZATION_LEVEL = "-Onone";
			};
			name = Debug;
		};
		4C047E4E29DE90E8005969CF /* Release */ = {
			isa = XCBuildConfiguration;
			buildSettings = {
				ALWAYS_SEARCH_USER_PATHS = NO;
				CLANG_ANALYZER_NONNULL = YES;
				CLANG_ANALYZER_NUMBER_OBJECT_CONVERSION = YES_AGGRESSIVE;
				CLANG_CXX_LANGUAGE_STANDARD = "gnu++20";
				CLANG_ENABLE_MODULES = YES;
				CLANG_ENABLE_OBJC_ARC = YES;
				CLANG_ENABLE_OBJC_WEAK = YES;
				CLANG_WARN_BLOCK_CAPTURE_AUTORELEASING = YES;
				CLANG_WARN_BOOL_CONVERSION = YES;
				CLANG_WARN_COMMA = YES;
				CLANG_WARN_CONSTANT_CONVERSION = YES;
				CLANG_WARN_DEPRECATED_OBJC_IMPLEMENTATIONS = YES;
				CLANG_WARN_DIRECT_OBJC_ISA_USAGE = YES_ERROR;
				CLANG_WARN_DOCUMENTATION_COMMENTS = YES;
				CLANG_WARN_EMPTY_BODY = YES;
				CLANG_WARN_ENUM_CONVERSION = YES;
				CLANG_WARN_INFINITE_RECURSION = YES;
				CLANG_WARN_INT_CONVERSION = YES;
				CLANG_WARN_NON_LITERAL_NULL_CONVERSION = YES;
				CLANG_WARN_OBJC_IMPLICIT_RETAIN_SELF = YES;
				CLANG_WARN_OBJC_LITERAL_CONVERSION = YES;
				CLANG_WARN_OBJC_ROOT_CLASS = YES_ERROR;
				CLANG_WARN_QUOTED_INCLUDE_IN_FRAMEWORK_HEADER = YES;
				CLANG_WARN_RANGE_LOOP_ANALYSIS = YES;
				CLANG_WARN_STRICT_PROTOTYPES = YES;
				CLANG_WARN_SUSPICIOUS_MOVE = YES;
				CLANG_WARN_UNGUARDED_AVAILABILITY = YES_AGGRESSIVE;
				CLANG_WARN_UNREACHABLE_CODE = YES;
				CLANG_WARN__DUPLICATE_METHOD_MATCH = YES;
				COPY_PHASE_STRIP = NO;
				DEBUG_INFORMATION_FORMAT = "dwarf-with-dsym";
				ENABLE_NS_ASSERTIONS = NO;
				ENABLE_STRICT_OBJC_MSGSEND = YES;
				GCC_C_LANGUAGE_STANDARD = gnu11;
				GCC_NO_COMMON_BLOCKS = YES;
				GCC_WARN_64_TO_32_BIT_CONVERSION = YES;
				GCC_WARN_ABOUT_RETURN_TYPE = YES_ERROR;
				GCC_WARN_UNDECLARED_SELECTOR = YES;
				GCC_WARN_UNINITIALIZED_AUTOS = YES_AGGRESSIVE;
				GCC_WARN_UNUSED_FUNCTION = YES;
				GCC_WARN_UNUSED_VARIABLE = YES;
				IPHONEOS_DEPLOYMENT_TARGET = 16.2;
				MTL_ENABLE_DEBUG_INFO = NO;
				MTL_FAST_MATH = YES;
				SDKROOT = iphoneos;
				SWIFT_COMPILATION_MODE = wholemodule;
				SWIFT_OPTIMIZATION_LEVEL = "-O";
				VALIDATE_PRODUCT = YES;
			};
			name = Release;
		};
		4C047E5029DE90E8005969CF /* Debug */ = {
			isa = XCBuildConfiguration;
			buildSettings = {
				ASSETCATALOG_COMPILER_APPICON_NAME = AppIcon;
				ASSETCATALOG_COMPILER_GLOBAL_ACCENT_COLOR_NAME = AccentColor;
				CODE_SIGN_STYLE = Automatic;
				CURRENT_PROJECT_VERSION = 1;
				DEVELOPMENT_ASSET_PATHS = "\"AppleStore/Preview Content\"";
				DEVELOPMENT_TEAM = WS8NBDZYFU;
				ENABLE_PREVIEWS = YES;
				GENERATE_INFOPLIST_FILE = YES;
				INFOPLIST_KEY_UIApplicationSceneManifest_Generation = YES;
				INFOPLIST_KEY_UIApplicationSupportsIndirectInputEvents = YES;
				INFOPLIST_KEY_UILaunchScreen_Generation = YES;
				INFOPLIST_KEY_UISupportedInterfaceOrientations_iPad = "UIInterfaceOrientationPortrait UIInterfaceOrientationPortraitUpsideDown UIInterfaceOrientationLandscapeLeft UIInterfaceOrientationLandscapeRight";
				INFOPLIST_KEY_UISupportedInterfaceOrientations_iPhone = "UIInterfaceOrientationPortrait UIInterfaceOrientationLandscapeLeft UIInterfaceOrientationLandscapeRight";
				LD_RUNPATH_SEARCH_PATHS = (
					"$(inherited)",
					"@executable_path/Frameworks",
				);
				MARKETING_VERSION = 1.0;
				PRODUCT_BUNDLE_IDENTIFIER = com.qq.981186065.AppleStore;
				PRODUCT_NAME = "$(TARGET_NAME)";
				SWIFT_EMIT_LOC_STRINGS = YES;
				SWIFT_VERSION = 5.0;
				TARGETED_DEVICE_FAMILY = "1,2";
			};
			name = Debug;
		};
		4C047E5129DE90E8005969CF /* Release */ = {
			isa = XCBuildConfiguration;
			buildSettings = {
				ASSETCATALOG_COMPILER_APPICON_NAME = AppIcon;
				ASSETCATALOG_COMPILER_GLOBAL_ACCENT_COLOR_NAME = AccentColor;
				CODE_SIGN_STYLE = Automatic;
				CURRENT_PROJECT_VERSION = 1;
				DEVELOPMENT_ASSET_PATHS = "\"AppleStore/Preview Content\"";
				DEVELOPMENT_TEAM = WS8NBDZYFU;
				ENABLE_PREVIEWS = YES;
				GENERATE_INFOPLIST_FILE = YES;
				INFOPLIST_KEY_UIApplicationSceneManifest_Generation = YES;
				INFOPLIST_KEY_UIApplicationSupportsIndirectInputEvents = YES;
				INFOPLIST_KEY_UILaunchScreen_Generation = YES;
				INFOPLIST_KEY_UISupportedInterfaceOrientations_iPad = "UIInterfaceOrientationPortrait UIInterfaceOrientationPortraitUpsideDown UIInterfaceOrientationLandscapeLeft UIInterfaceOrientationLandscapeRight";
				INFOPLIST_KEY_UISupportedInterfaceOrientations_iPhone = "UIInterfaceOrientationPortrait UIInterfaceOrientationLandscapeLeft UIInterfaceOrientationLandscapeRight";
				LD_RUNPATH_SEARCH_PATHS = (
					"$(inherited)",
					"@executable_path/Frameworks",
				);
				MARKETING_VERSION = 1.0;
				PRODUCT_BUNDLE_IDENTIFIER = com.qq.981186065.AppleStore;
				PRODUCT_NAME = "$(TARGET_NAME)";
				SWIFT_EMIT_LOC_STRINGS = YES;
				SWIFT_VERSION = 5.0;
				TARGETED_DEVICE_FAMILY = "1,2";
			};
			name = Release;
		};
		4C047E5329DE90E8005969CF /* Debug */ = {
			isa = XCBuildConfiguration;
			buildSettings = {
				ALWAYS_EMBED_SWIFT_STANDARD_LIBRARIES = YES;
				BUNDLE_LOADER = "$(TEST_HOST)";
				CODE_SIGN_STYLE = Automatic;
				CURRENT_PROJECT_VERSION = 1;
				DEVELOPMENT_TEAM = WS8NBDZYFU;
				GENERATE_INFOPLIST_FILE = YES;
				IPHONEOS_DEPLOYMENT_TARGET = 16.2;
				MARKETING_VERSION = 1.0;
				PRODUCT_BUNDLE_IDENTIFIER = com.qq.981186065.AppleStoreTests;
				PRODUCT_NAME = "$(TARGET_NAME)";
				SWIFT_EMIT_LOC_STRINGS = NO;
				SWIFT_VERSION = 5.0;
				TARGETED_DEVICE_FAMILY = "1,2";
				TEST_HOST = "$(BUILT_PRODUCTS_DIR)/AppleStore.app/$(BUNDLE_EXECUTABLE_FOLDER_PATH)/AppleStore";
			};
			name = Debug;
		};
		4C047E5429DE90E8005969CF /* Release */ = {
			isa = XCBuildConfiguration;
			buildSettings = {
				ALWAYS_EMBED_SWIFT_STANDARD_LIBRARIES = YES;
				BUNDLE_LOADER = "$(TEST_HOST)";
				CODE_SIGN_STYLE = Automatic;
				CURRENT_PROJECT_VERSION = 1;
				DEVELOPMENT_TEAM = WS8NBDZYFU;
				GENERATE_INFOPLIST_FILE = YES;
				IPHONEOS_DEPLOYMENT_TARGET = 16.2;
				MARKETING_VERSION = 1.0;
				PRODUCT_BUNDLE_IDENTIFIER = com.qq.981186065.AppleStoreTests;
				PRODUCT_NAME = "$(TARGET_NAME)";
				SWIFT_EMIT_LOC_STRINGS = NO;
				SWIFT_VERSION = 5.0;
				TARGETED_DEVICE_FAMILY = "1,2";
				TEST_HOST = "$(BUILT_PRODUCTS_DIR)/AppleStore.app/$(BUNDLE_EXECUTABLE_FOLDER_PATH)/AppleStore";
			};
			name = Release;
		};
		4C047E5629DE90E8005969CF /* Debug */ = {
			isa = XCBuildConfiguration;
			buildSettings = {
				ALWAYS_EMBED_SWIFT_STANDARD_LIBRARIES = YES;
				CODE_SIGN_STYLE = Automatic;
				CURRENT_PROJECT_VERSION = 1;
				DEVELOPMENT_TEAM = WS8NBDZYFU;
				GENERATE_INFOPLIST_FILE = YES;
				MARKETING_VERSION = 1.0;
				PRODUCT_BUNDLE_IDENTIFIER = com.qq.981186065.AppleStoreUITests;
				PRODUCT_NAME = "$(TARGET_NAME)";
				SWIFT_EMIT_LOC_STRINGS = NO;
				SWIFT_VERSION = 5.0;
				TARGETED_DEVICE_FAMILY = "1,2";
				TEST_TARGET_NAME = AppleStore;
			};
			name = Debug;
		};
		4C047E5729DE90E8005969CF /* Release */ = {
			isa = XCBuildConfiguration;
			buildSettings = {
				ALWAYS_EMBED_SWIFT_STANDARD_LIBRARIES = YES;
				CODE_SIGN_STYLE = Automatic;
				CURRENT_PROJECT_VERSION = 1;
				DEVELOPMENT_TEAM = WS8NBDZYFU;
				GENERATE_INFOPLIST_FILE = YES;
				MARKETING_VERSION = 1.0;
				PRODUCT_BUNDLE_IDENTIFIER = com.qq.981186065.AppleStoreUITests;
				PRODUCT_NAME = "$(TARGET_NAME)";
				SWIFT_EMIT_LOC_STRINGS = NO;
				SWIFT_VERSION = 5.0;
				TARGETED_DEVICE_FAMILY = "1,2";
				TEST_TARGET_NAME = AppleStore;
			};
			name = Release;
		};
/* End XCBuildConfiguration section */

/* Begin XCConfigurationList section */
		4C047E2629DE90E6005969CF /* Build configuration list for PBXProject "AppleStore" */ = {
			isa = XCConfigurationList;
			buildConfigurations = (
				4C047E4D29DE90E8005969CF /* Debug */,
				4C047E4E29DE90E8005969CF /* Release */,
			);
			defaultConfigurationIsVisible = 0;
			defaultConfigurationName = Release;
		};
		4C047E4F29DE90E8005969CF /* Build configuration list for PBXNativeTarget "AppleStore" */ = {
			isa = XCConfigurationList;
			buildConfigurations = (
				4C047E5029DE90E8005969CF /* Debug */,
				4C047E5129DE90E8005969CF /* Release */,
			);
			defaultConfigurationIsVisible = 0;
			defaultConfigurationName = Release;
		};
		4C047E5229DE90E8005969CF /* Build configuration list for PBXNativeTarget "AppleStoreTests" */ = {
			isa = XCConfigurationList;
			buildConfigurations = (
				4C047E5329DE90E8005969CF /* Debug */,
				4C047E5429DE90E8005969CF /* Release */,
			);
			defaultConfigurationIsVisible = 0;
			defaultConfigurationName = Release;
		};
		4C047E5529DE90E8005969CF /* Build configuration list for PBXNativeTarget "AppleStoreUITests" */ = {
			isa = XCConfigurationList;
			buildConfigurations = (
				4C047E5629DE90E8005969CF /* Debug */,
				4C047E5729DE90E8005969CF /* Release */,
			);
			defaultConfigurationIsVisible = 0;
			defaultConfigurationName = Release;
		};
/* End XCConfigurationList section */
	};
	rootObject = 4C047E2329DE90E6005969CF /* Project object */;
}
